
Microsoft Visual Studio Solution File, Format Version 12.00
# Visual Studio Version 17
VisualStudioVersion = 17.0.32014.148
MinimumVisualStudioVersion = 10.0.40219.1
Project("{FAE04EC0-301F-11D3-BF4B-00C04F79EFBC}") = "ICYL.API", "ICYL.API\ICYL.API.csproj", "{704BA53A-3C51-4415-B464-9854099BC4F6}"
EndProject
Global
	GlobalSection(SolutionConfigurationPlatforms) = preSolution
		Debug|Any CPU = Debug|Any CPU
		Release|Any CPU = Release|Any CPU
	EndGlobalSection
	GlobalSection(ProjectConfigurationPlatforms) = postSolution
		{704BA53A-3C51-4415-B464-9854099BC4F6}.Debug|Any CPU.ActiveCfg = Debug|Any CPU
		{704BA53A-3C51-4415-B464-9854099BC4F6}.Debug|Any CPU.Build.0 = Debug|Any CPU
		{704BA53A-3C51-4415-B464-9854099BC4F6}.Release|Any CPU.ActiveCfg = Release|Any CPU
		{704BA53A-3C51-4415-B464-9854099BC4F6}.Release|Any CPU.Build.0 = Release|Any CPU
	EndGlobalSection
	GlobalSection(SolutionProperties) = preSolution
		HideSolutionNode = FALSE
	EndGlobalSection
	GlobalSection(ExtensibilityGlobals) = postSolution
		SolutionGuid = {F617B566-E607-42CC-8763-DD1124907A77}
	EndGlobalSection
EndGlobal
